
Microsoft Visual Studio Solution File, Format Version 12.00
# Visual Studio Version 17
VisualStudioVersion = 17.5.33424.131
MinimumVisualStudioVersion = 10.0.40219.1
Project("{8BC9CEB8-8B4A-11D0-8D11-00A0C91BC942}") = "5", "5\5.vcxproj", "{54044F17-16B5-4BFD-B99D-A694481635B3}"
EndProject
Global
	GlobalSection(SolutionConfigurationPlatforms) = preSolution
		Debug|x64 = Debug|x64
		Debug|x86 = Debug|x86
		Release|x64 = Release|x64
		Release|x86 = Release|x86
	EndGlobalSection
	GlobalSection(ProjectConfigurationPlatforms) = postSolution
		{54044F17-16B5-4BFD-B99D-A694481635B3}.Debug|x64.ActiveCfg = Debug|x64
		{54044F17-16B5-4BFD-B99D-A694481635B3}.Debug|x64.Build.0 = Debug|x64
		{54044F17-16B5-4BFD-B99D-A694481635B3}.Debug|x86.ActiveCfg = Debug|Win32
		{54044F17-16B5-4BFD-B99D-A694481635B3}.Debug|x86.Build.0 = Debug|Win32
		{54044F17-16B5-4BFD-B99D-A694481635B3}.Release|x64.ActiveCfg = Release|x64
		{54044F17-16B5-4BFD-B99D-A694481635B3}.Release|x64.Build.0 = Release|x64
		{54044F17-16B5-4BFD-B99D-A694481635B3}.Release|x86.ActiveCfg = Release|Win32
		{54044F17-16B5-4BFD-B99D-A694481635B3}.Release|x86.Build.0 = Release|Win32
	EndGlobalSection
	GlobalSection(SolutionProperties) = preSolution
		HideSolutionNode = FALSE
	EndGlobalSection
	GlobalSection(ExtensibilityGlobals) = postSolution
		SolutionGuid = {AA7819D3-90DD-4E57-BA1B-EFFF40D7F2BC}
	EndGlobalSection
EndGlobal
